// !$*UTF8*$!
{
	archiveVersion = 1;
	classes = {
	};
	objectVersion = 46;
	objects = {

/* Begin PBXBuildFile section */
		440E40121D373AA40073AA8F /* main.m in Sources */ = {isa = PBXBuildFile; fileRef = 440E40111D373AA40073AA8F /* main.m */; };
		440E40151D373AA40073AA8F /* AppDelegate.m in Sources */ = {isa = PBXBuildFile; fileRef = 440E40141D373AA40073AA8F /* AppDelegate.m */; };
		440E40181D373AA40073AA8F /* ViewController.m in Sources */ = {isa = PBXBuildFile; fileRef = 440E40171D373AA40073AA8F /* ViewController.m */; };
		440E401B1D373AA40073AA8F /* Main.storyboard in Resources */ = {isa = PBXBuildFile; fileRef = 440E40191D373AA40073AA8F /* Main.storyboard */; };
		440E401D1D373AA40073AA8F /* Assets.xcassets in Resources */ = {isa = PBXBuildFile; fileRef = 440E401C1D373AA40073AA8F /* Assets.xcassets */; };
		440E40201D373AA40073AA8F /* LaunchScreen.storyboard in Resources */ = {isa = PBXBuildFile; fileRef = 440E401E1D373AA40073AA8F /* LaunchScreen.storyboard */; };
		440E402B1D373AA40073AA8F /* PopMenuTests.m in Sources */ = {isa = PBXBuildFile; fileRef = 440E402A1D373AA40073AA8F /* PopMenuTests.m */; };
		440E40361D373AA40073AA8F /* PopMenuUITests.m in Sources */ = {isa = PBXBuildFile; fileRef = 440E40351D373AA40073AA8F /* PopMenuUITests.m */; };
		440E40461D373B060073AA8F /* PopMenu.m in Sources */ = {isa = PBXBuildFile; fileRef = 440E40451D373B060073AA8F /* PopMenu.m */; };
		440E404A1D3764330073AA8F /* FilterNaviView.m in Sources */ = {isa = PBXBuildFile; fileRef = 440E40491D3764330073AA8F /* FilterNaviView.m */; };
		440E40501D3788630073AA8F /* PopMenuTableViewCell.m in Sources */ = {isa = PBXBuildFile; fileRef = 440E404F1D3788630073AA8F /* PopMenuTableViewCell.m */; };
/* End PBXBuildFile section */

/* Begin PBXContainerItemProxy section */
		440E40271D373AA40073AA8F /* PBXContainerItemProxy */ = {
			isa = PBXContainerItemProxy;
			containerPortal = 440E40051D373AA40073AA8F /* Project object */;
			proxyType = 1;
			remoteGlobalIDString = 440E400C1D373AA40073AA8F;
			remoteInfo = PopMenu;
		};
		440E40321D373AA40073AA8F /* PBXContainerItemProxy */ = {
			isa = PBXContainerItemProxy;
			containerPortal = 440E40051D373AA40073AA8F /* Project object */;
			proxyType = 1;
			remoteGlobalIDString = 440E400C1D373AA40073AA8F;
			remoteInfo = PopMenu;
		};
/* End PBXContainerItemProxy section */

/* Begin PBXFileReference section */
		440E400D1D373AA40073AA8F /* PopMenu.app */ = {isa = PBXFileReference; explicitFileType = wrapper.application; includeInIndex = 0; path = PopMenu.app; sourceTree = BUILT_PRODUCTS_DIR; };
		440E40111D373AA40073AA8F /* main.m */ = {isa = PBXFileReference; lastKnownFileType = sourcecode.c.objc; path = main.m; sourceTree = "<group>"; };
		440E40131D373AA40073AA8F /* AppDelegate.h */ = {isa = PBXFileReference; lastKnownFileType = sourcecode.c.h; path = AppDelegate.h; sourceTree = "<group>"; };
		440E40141D373AA40073AA8F /* AppDelegate.m */ = {isa = PBXFileReference; lastKnownFileType = sourcecode.c.objc; path = AppDelegate.m; sourceTree = "<group>"; };
		440E40161D373AA40073AA8F /* ViewController.h */ = {isa = PBXFileReference; lastKnownFileType = sourcecode.c.h; path = ViewController.h; sourceTree = "<group>"; };
		440E40171D373AA40073AA8F /* ViewController.m */ = {isa = PBXFileReference; lastKnownFileType = sourcecode.c.objc; path = ViewController.m; sourceTree = "<group>"; };
		440E401A1D373AA40073AA8F /* Base */ = {isa = PBXFileReference; lastKnownFileType = file.storyboard; name = Base; path = Base.lproj/Main.storyboard; sourceTree = "<group>"; };
		440E401C1D373AA40073AA8F /* Assets.xcassets */ = {isa = PBXFileReference; lastKnownFileType = folder.assetcatalog; path = Assets.xcassets; sourceTree = "<group>"; };
		440E401F1D373AA40073AA8F /* Base */ = {isa = PBXFileReference; lastKnownFileType = file.storyboard; name = Base; path = Base.lproj/LaunchScreen.storyboard; sourceTree = "<group>"; };
		440E40211D373AA40073AA8F /* Info.plist */ = {isa = PBXFileReference; lastKnownFileType = text.plist.xml; path = Info.plist; sourceTree = "<group>"; };
		440E40261D373AA40073AA8F /* PopMenuTests.xctest */ = {isa = PBXFileReference; explicitFileType = wrapper.cfbundle; includeInIndex = 0; path = PopMenuTests.xctest; sourceTree = BUILT_PRODUCTS_DIR; };
		440E402A1D373AA40073AA8F /* PopMenuTests.m */ = {isa = PBXFileReference; lastKnownFileType = sourcecode.c.objc; path = PopMenuTests.m; sourceTree = "<group>"; };
		440E402C1D373AA40073AA8F /* Info.plist */ = {isa = PBXFileReference; lastKnownFileType = text.plist.xml; path = Info.plist; sourceTree = "<group>"; };
		440E40311D373AA40073AA8F /* PopMenuUITests.xctest */ = {isa = PBXFileReference; explicitFileType = wrapper.cfbundle; includeInIndex = 0; path = PopMenuUITests.xctest; sourceTree = BUILT_PRODUCTS_DIR; };
		440E40351D373AA40073AA8F /* PopMenuUITests.m */ = {isa = PBXFileReference; lastKnownFileType = sourcecode.c.objc; path = PopMenuUITests.m; sourceTree = "<group>"; };
		440E40371D373AA40073AA8F /* Info.plist */ = {isa = PBXFileReference; lastKnownFileType = text.plist.xml; path = Info.plist; sourceTree = "<group>"; };
		440E40441D373B060073AA8F /* PopMenu.h */ = {isa = PBXFileReference; fileEncoding = 4; lastKnownFileType = sourcecode.c.h; path = PopMenu.h; sourceTree = "<group>"; };
		440E40451D373B060073AA8F /* PopMenu.m */ = {isa = PBXFileReference; fileEncoding = 4; lastKnownFileType = sourcecode.c.objc; path = PopMenu.m; sourceTree = "<group>"; };
		440E40481D3764330073AA8F /* FilterNaviView.h */ = {isa = PBXFileReference; fileEncoding = 4; lastKnownFileType = sourcecode.c.h; path = FilterNaviView.h; sourceTree = "<group>"; };
		440E40491D3764330073AA8F /* FilterNaviView.m */ = {isa = PBXFileReference; fileEncoding = 4; lastKnownFileType = sourcecode.c.objc; path = FilterNaviView.m; sourceTree = "<group>"; };
		440E404C1D3764A40073AA8F /* Constants.pch */ = {isa = PBXFileReference; lastKnownFileType = sourcecode.c.h; path = Constants.pch; sourceTree = "<group>"; };
		440E404E1D3788630073AA8F /* PopMenuTableViewCell.h */ = {isa = PBXFileReference; fileEncoding = 4; lastKnownFileType = sourcecode.c.h; path = PopMenuTableViewCell.h; sourceTree = "<group>"; };
		440E404F1D3788630073AA8F /* PopMenuTableViewCell.m */ = {isa = PBXFileReference; fileEncoding = 4; lastKnownFileType = sourcecode.c.objc; path = PopMenuTableViewCell.m; sourceTree = "<group>"; };
/* End PBXFileReference section */

/* Begin PBXFrameworksBuildPhase section */
		440E400A1D373AA40073AA8F /* Frameworks */ = {
			isa = PBXFrameworksBuildPhase;
			buildActionMask = 2147483647;
			files = (
			);
			runOnlyForDeploymentPostprocessing = 0;
		};
		440E40231D373AA40073AA8F /* Frameworks */ = {
			isa = PBXFrameworksBuildPhase;
			buildActionMask = 2147483647;
			files = (
			);
			runOnlyForDeploymentPostprocessing = 0;
		};
		440E402E1D373AA40073AA8F /* Frameworks */ = {
			isa = PBXFrameworksBuildPhase;
			buildActionMask = 2147483647;
			files = (
			);
			runOnlyForDeploymentPostprocessing = 0;
		};
/* End PBXFrameworksBuildPhase section */

/* Begin PBXGroup section */
		440E40041D373AA40073AA8F = {
			isa = PBXGroup;
			children = (
				440E400F1D373AA40073AA8F /* PopMenu */,
				440E40291D373AA40073AA8F /* PopMenuTests */,
				440E40341D373AA40073AA8F /* PopMenuUITests */,
				440E400E1D373AA40073AA8F /* Products */,
			);
			sourceTree = "<group>";
		};
		440E400E1D373AA40073AA8F /* Products */ = {
			isa = PBXGroup;
			children = (
				440E400D1D373AA40073AA8F /* PopMenu.app */,
				440E40261D373AA40073AA8F /* PopMenuTests.xctest */,
				440E40311D373AA40073AA8F /* PopMenuUITests.xctest */,
			);
			name = Products;
			sourceTree = "<group>";
		};
		440E400F1D373AA40073AA8F /* PopMenu */ = {
			isa = PBXGroup;
			children = (
				440E40431D373AF60073AA8F /* PopMenu */,
				440E40131D373AA40073AA8F /* AppDelegate.h */,
				440E40141D373AA40073AA8F /* AppDelegate.m */,
				440E40161D373AA40073AA8F /* ViewController.h */,
				440E40171D373AA40073AA8F /* ViewController.m */,
				440E40471D3764330073AA8F /* View */,
				440E40191D373AA40073AA8F /* Main.storyboard */,
				440E401C1D373AA40073AA8F /* Assets.xcassets */,
				440E401E1D373AA40073AA8F /* LaunchScreen.storyboard */,
				440E40211D373AA40073AA8F /* Info.plist */,
				440E40101D373AA40073AA8F /* Supporting Files */,
			);
			path = PopMenu;
			sourceTree = "<group>";
		};
		440E40101D373AA40073AA8F /* Supporting Files */ = {
			isa = PBXGroup;
			children = (
				440E40111D373AA40073AA8F /* main.m */,
				440E404C1D3764A40073AA8F /* Constants.pch */,
			);
			name = "Supporting Files";
			sourceTree = "<group>";
		};
		440E40291D373AA40073AA8F /* PopMenuTests */ = {
			isa = PBXGroup;
			children = (
				440E402A1D373AA40073AA8F /* PopMenuTests.m */,
				440E402C1D373AA40073AA8F /* Info.plist */,
			);
			path = PopMenuTests;
			sourceTree = "<group>";
		};
		440E40341D373AA40073AA8F /* PopMenuUITests */ = {
			isa = PBXGroup;
			children = (
				440E40351D373AA40073AA8F /* PopMenuUITests.m */,
				440E40371D373AA40073AA8F /* Info.plist */,
			);
			path = PopMenuUITests;
			sourceTree = "<group>";
		};
		440E40431D373AF60073AA8F /* PopMenu */ = {
			isa = PBXGroup;
			children = (
				440E40441D373B060073AA8F /* PopMenu.h */,
				440E40451D373B060073AA8F /* PopMenu.m */,
				440E404E1D3788630073AA8F /* PopMenuTableViewCell.h */,
				440E404F1D3788630073AA8F /* PopMenuTableViewCell.m */,
			);
			path = PopMenu;
			sourceTree = "<group>";
		};
		440E40471D3764330073AA8F /* View */ = {
			isa = PBXGroup;
			children = (
				440E40481D3764330073AA8F /* FilterNaviView.h */,
				440E40491D3764330073AA8F /* FilterNaviView.m */,
			);
			path = View;
			sourceTree = "<group>";
		};
/* End PBXGroup section */

/* Begin PBXNativeTarget section */
		440E400C1D373AA40073AA8F /* PopMenu */ = {
			isa = PBXNativeTarget;
			buildConfigurationList = 440E403A1D373AA40073AA8F /* Build configuration list for PBXNativeTarget "PopMenu" */;
			buildPhases = (
				440E40091D373AA40073AA8F /* Sources */,
				440E400A1D373AA40073AA8F /* Frameworks */,
				440E400B1D373AA40073AA8F /* Resources */,
			);
			buildRules = (
			);
			dependencies = (
			);
			name = PopMenu;
			productName = PopMenu;
			productReference = 440E400D1D373AA40073AA8F /* PopMenu.app */;
			productType = "com.apple.product-type.application";
		};
		440E40251D373AA40073AA8F /* PopMenuTests */ = {
			isa = PBXNativeTarget;
			buildConfigurationList = 440E403D1D373AA40073AA8F /* Build configuration list for PBXNativeTarget "PopMenuTests" */;
			buildPhases = (
				440E40221D373AA40073AA8F /* Sources */,
				440E40231D373AA40073AA8F /* Frameworks */,
				440E40241D373AA40073AA8F /* Resources */,
			);
			buildRules = (
			);
			dependencies = (
				440E40281D373AA40073AA8F /* PBXTargetDependency */,
			);
			name = PopMenuTests;
			productName = PopMenuTests;
			productReference = 440E40261D373AA40073AA8F /* PopMenuTests.xctest */;
			productType = "com.apple.product-type.bundle.unit-test";
		};
		440E40301D373AA40073AA8F /* PopMenuUITests */ = {
			isa = PBXNativeTarget;
			buildConfigurationList = 440E40401D373AA40073AA8F /* Build configuration list for PBXNativeTarget "PopMenuUITests" */;
			buildPhases = (
				440E402D1D373AA40073AA8F /* Sources */,
				440E402E1D373AA40073AA8F /* Frameworks */,
				440E402F1D373AA40073AA8F /* Resources */,
			);
			buildRules = (
			);
			dependencies = (
				440E40331D373AA40073AA8F /* PBXTargetDependency */,
			);
			name = PopMenuUITests;
			productName = PopMenuUITests;
			productReference = 440E40311D373AA40073AA8F /* PopMenuUITests.xctest */;
			productType = "com.apple.product-type.bundle.ui-testing";
		};
/* End PBXNativeTarget section */

/* Begin PBXProject section */
		440E40051D373AA40073AA8F /* Project object */ = {
			isa = PBXProject;
			attributes = {
				LastUpgradeCheck = 0730;
				ORGANIZATIONNAME = sunhong;
				TargetAttributes = {
					440E400C1D373AA40073AA8F = {
						CreatedOnToolsVersion = 7.3.1;
					};
					440E40251D373AA40073AA8F = {
						CreatedOnToolsVersion = 7.3.1;
						TestTargetID = 440E400C1D373AA40073AA8F;
					};
					440E40301D373AA40073AA8F = {
						CreatedOnToolsVersion = 7.3.1;
						TestTargetID = 440E400C1D373AA40073AA8F;
					};
				};
			};
			buildConfigurationList = 440E40081D373AA40073AA8F /* Build configuration list for PBXProject "PopMenu" */;
			compatibilityVersion = "Xcode 3.2";
			developmentRegion = English;
			hasScannedForEncodings = 0;
			knownRegions = (
				en,
				Base,
			);
			mainGroup = 440E40041D373AA40073AA8F;
			productRefGroup = 440E400E1D373AA40073AA8F /* Products */;
			projectDirPath = "";
			projectRoot = "";
			targets = (
				440E400C1D373AA40073AA8F /* PopMenu */,
				440E40251D373AA40073AA8F /* PopMenuTests */,
				440E40301D373AA40073AA8F /* PopMenuUITests */,
			);
		};
/* End PBXProject section */

/* Begin PBXResourcesBuildPhase section */
		440E400B1D373AA40073AA8F /* Resources */ = {
			isa = PBXResourcesBuildPhase;
			buildActionMask = 2147483647;
			files = (
				440E40201D373AA40073AA8F /* LaunchScreen.storyboard in Resources */,
				440E401D1D373AA40073AA8F /* Assets.xcassets in Resources */,
				440E401B1D373AA40073AA8F /* Main.storyboard in Resources */,
			);
			runOnlyForDeploymentPostprocessing = 0;
		};
		440E40241D373AA40073AA8F /* Resources */ = {
			isa = PBXResourcesBuildPhase;
			buildActionMask = 2147483647;
			files = (
			);
			runOnlyForDeploymentPostprocessing = 0;
		};
		440E402F1D373AA40073AA8F /* Resources */ = {
			isa = PBXResourcesBuildPhase;
			buildActionMask = 2147483647;
			files = (
			);
			runOnlyForDeploymentPostprocessing = 0;
		};
/* End PBXResourcesBuildPhase section */

/* Begin PBXSourcesBuildPhase section */
		440E40091D373AA40073AA8F /* Sources */ = {
			isa = PBXSourcesBuildPhase;
			buildActionMask = 2147483647;
			files = (
				440E40501D3788630073AA8F /* PopMenuTableViewCell.m in Sources */,
				440E40461D373B060073AA8F /* PopMenu.m in Sources */,
				440E40181D373AA40073AA8F /* ViewController.m in Sources */,
				440E40151D373AA40073AA8F /* AppDelegate.m in Sources */,
				440E40121D373AA40073AA8F /* main.m in Sources */,
				440E404A1D3764330073AA8F /* FilterNaviView.m in Sources */,
			);
			runOnlyForDeploymentPostprocessing = 0;
		};
		440E40221D373AA40073AA8F /* Sources */ = {
			isa = PBXSourcesBuildPhase;
			buildActionMask = 2147483647;
			files = (
				440E402B1D373AA40073AA8F /* PopMenuTests.m in Sources */,
			);
			runOnlyForDeploymentPostprocessing = 0;
		};
		440E402D1D373AA40073AA8F /* Sources */ = {
			isa = PBXSourcesBuildPhase;
			buildActionMask = 2147483647;
			files = (
				440E40361D373AA40073AA8F /* PopMenuUITests.m in Sources */,
			);
			runOnlyForDeploymentPostprocessing = 0;
		};
/* End PBXSourcesBuildPhase section */

/* Begin PBXTargetDependency section */
		440E40281D373AA40073AA8F /* PBXTargetDependency */ = {
			isa = PBXTargetDependency;
			target = 440E400C1D373AA40073AA8F /* PopMenu */;
			targetProxy = 440E40271D373AA40073AA8F /* PBXContainerItemProxy */;
		};
		440E40331D373AA40073AA8F /* PBXTargetDependency */ = {
			isa = PBXTargetDependency;
			target = 440E400C1D373AA40073AA8F /* PopMenu */;
			targetProxy = 440E40321D373AA40073AA8F /* PBXContainerItemProxy */;
		};
/* End PBXTargetDependency section */

/* Begin PBXVariantGroup section */
		440E40191D373AA40073AA8F /* Main.storyboard */ = {
			isa = PBXVariantGroup;
			children = (
				440E401A1D373AA40073AA8F /* Base */,
			);
			name = Main.storyboard;
			sourceTree = "<group>";
		};
		440E401E1D373AA40073AA8F /* LaunchScreen.storyboard */ = {
			isa = PBXVariantGroup;
			children = (
				440E401F1D373AA40073AA8F /* Base */,
			);
			name = LaunchScreen.storyboard;
			sourceTree = "<group>";
		};
/* End PBXVariantGroup section */

/* Begin XCBuildConfiguration section */
		440E40381D373AA40073AA8F /* Debug */ = {
			isa = XCBuildConfiguration;
			buildSettings = {
				ALWAYS_SEARCH_USER_PATHS = NO;
				CLANG_ANALYZER_NONNULL = YES;
				CLANG_CXX_LANGUAGE_STANDARD = "gnu++0x";
				CLANG_CXX_LIBRARY = "libc++";
				CLANG_ENABLE_MODULES = YES;
				CLANG_ENABLE_OBJC_ARC = YES;
				CLANG_WARN_BOOL_CONVERSION = YES;
				CLANG_WARN_CONSTANT_CONVERSION = YES;
				CLANG_WARN_DIRECT_OBJC_ISA_USAGE = YES_ERROR;
				CLANG_WARN_EMPTY_BODY = YES;
				CLANG_WARN_ENUM_CONVERSION = YES;
				CLANG_WARN_INT_CONVERSION = YES;
				CLANG_WARN_OBJC_ROOT_CLASS = YES_ERROR;
				CLANG_WARN_UNREACHABLE_CODE = YES;
				CLANG_WARN__DUPLICATE_METHOD_MATCH = YES;
				"CODE_SIGN_IDENTITY[sdk=iphoneos*]" = "iPhone Developer";
				COPY_PHASE_STRIP = NO;
				DEBUG_INFORMATION_FORMAT = dwarf;
				ENABLE_STRICT_OBJC_MSGSEND = YES;
				ENABLE_TESTABILITY = YES;
				GCC_C_LANGUAGE_STANDARD = gnu99;
				GCC_DYNAMIC_NO_PIC = NO;
				GCC_NO_COMMON_BLOCKS = YES;
				GCC_OPTIMIZATION_LEVEL = 0;
				GCC_PRECOMPILE_PREFIX_HEADER = YES;
				GCC_PREFIX_HEADER = PopMenu/Constants.pch;
				GCC_PREPROCESSOR_DEFINITIONS = (
					"DEBUG=1",
					"$(inherited)",
				);
				GCC_WARN_64_TO_32_BIT_CONVERSION = YES;
				GCC_WARN_ABOUT_RETURN_TYPE = YES_ERROR;
				GCC_WARN_UNDECLARED_SELECTOR = YES;
				GCC_WARN_UNINITIALIZED_AUTOS = YES_AGGRESSIVE;
				GCC_WARN_UNUSED_FUNCTION = YES;
				GCC_WARN_UNUSED_VARIABLE = YES;
				IPHONEOS_DEPLOYMENT_TARGET = 9.3;
				MTL_ENABLE_DEBUG_INFO = YES;
				ONLY_ACTIVE_ARCH = YES;
				SDKROOT = iphoneos;
			};
			name = Debug;
		};
		440E40391D373AA40073AA8F /* Release */ = {
			isa = XCBuildConfiguration;
			buildSettings = {
				ALWAYS_SEARCH_USER_PATHS = NO;
				CLANG_ANALYZER_NONNULL = YES;
				CLANG_CXX_LANGUAGE_STANDARD = "gnu++0x";
				CLANG_CXX_LIBRARY = "libc++";
				CLANG_ENABLE_MODULES = YES;
				CLANG_ENABLE_OBJC_ARC = YES;
				CLANG_WARN_BOOL_CONVERSION = YES;
				CLANG_WARN_CONSTANT_CONVERSION = YES;
				CLANG_WARN_DIRECT_OBJC_ISA_USAGE = YES_ERROR;
				CLANG_WARN_EMPTY_BODY = YES;
				CLANG_WARN_ENUM_CONVERSION = YES;
				CLANG_WARN_INT_CONVERSION = YES;
				CLANG_WARN_OBJC_ROOT_CLASS = YES_ERROR;
				CLANG_WARN_UNREACHABLE_CODE = YES;
				CLANG_WARN__DUPLICATE_METHOD_MATCH = YES;
				"CODE_SIGN_IDENTITY[sdk=iphoneos*]" = "iPhone Developer";
				COPY_PHASE_STRIP = NO;
				DEBUG_INFORMATION_FORMAT = "dwarf-with-dsym";
				ENABLE_NS_ASSERTIONS = NO;
				ENABLE_STRICT_OBJC_MSGSEND = YES;
				GCC_C_LANGUAGE_STANDARD = gnu99;
				GCC_NO_COMMON_BLOCKS = YES;
				GCC_PRECOMPILE_PREFIX_HEADER = YES;
				GCC_PREFIX_HEADER = PopMenu/Constants.pch;
				GCC_WARN_64_TO_32_BIT_CONVERSION = YES;
				GCC_WARN_ABOUT_RETURN_TYPE = YES_ERROR;
				GCC_WARN_UNDECLARED_SELECTOR = YES;
				GCC_WARN_UNINITIALIZED_AUTOS = YES_AGGRESSIVE;
				GCC_WARN_UNUSED_FUNCTION = YES;
				GCC_WARN_UNUSED_VARIABLE = YES;
				IPHONEOS_DEPLOYMENT_TARGET = 9.3;
				MTL_ENABLE_DEBUG_INFO = NO;
				SDKROOT = iphoneos;
				VALIDATE_PRODUCT = YES;
			};
			name = Release;
		};
		440E403B1D373AA40073AA8F /* Debug */ = {
			isa = XCBuildConfiguration;
			buildSettings = {
				ASSETCATALOG_COMPILER_APPICON_NAME = AppIcon;
				INFOPLIST_FILE = PopMenu/Info.plist;
				LD_RUNPATH_SEARCH_PATHS = "$(inherited) @executable_path/Frameworks";
				PRODUCT_BUNDLE_IDENTIFIER = sh.PopMenu;
				PRODUCT_NAME = "$(TARGET_NAME)";
			};
			name = Debug;
		};
		440E403C1D373AA40073AA8F /* Release */ = {
			isa = XCBuildConfiguration;
			buildSettings = {
				ASSETCATALOG_COMPILER_APPICON_NAME = AppIcon;
				INFOPLIST_FILE = PopMenu/Info.plist;
				LD_RUNPATH_SEARCH_PATHS = "$(inherited) @executable_path/Frameworks";
				PRODUCT_BUNDLE_IDENTIFIER = sh.PopMenu;
				PRODUCT_NAME = "$(TARGET_NAME)";
			};
			name = Release;
		};
		440E403E1D373AA40073AA8F /* Debug */ = {
			isa = XCBuildConfiguration;
			buildSettings = {
				BUNDLE_LOADER = "$(TEST_HOST)";
				INFOPLIST_FILE = PopMenuTests/Info.plist;
				LD_RUNPATH_SEARCH_PATHS = "$(inherited) @executable_path/Frameworks @loader_path/Frameworks";
				PRODUCT_BUNDLE_IDENTIFIER = sh.PopMenuTests;
				PRODUCT_NAME = "$(TARGET_NAME)";
				TEST_HOST = "$(BUILT_PRODUCTS_DIR)/PopMenu.app/PopMenu";
			};
			name = Debug;
		};
		440E403F1D373AA40073AA8F /* Release */ = {
			isa = XCBuildConfiguration;
			buildSettings = {
				BUNDLE_LOADER = "$(TEST_HOST)";
				INFOPLIST_FILE = PopMenuTests/Info.plist;
				LD_RUNPATH_SEARCH_PATHS = "$(inherited) @executable_path/Frameworks @loader_path/Frameworks";
				PRODUCT_BUNDLE_IDENTIFIER = sh.PopMenuTests;
				PRODUCT_NAME = "$(TARGET_NAME)";
				TEST_HOST = "$(BUILT_PRODUCTS_DIR)/PopMenu.app/PopMenu";
			};
			name = Release;
		};
		440E40411D373AA40073AA8F /* Debug */ = {
			isa = XCBuildConfiguration;
			buildSettings = {
				INFOPLIST_FILE = PopMenuUITests/Info.plist;
				LD_RUNPATH_SEARCH_PATHS = "$(inherited) @executable_path/Frameworks @loader_path/Frameworks";
				PRODUCT_BUNDLE_IDENTIFIER = sh.PopMenuUITests;
				PRODUCT_NAME = "$(TARGET_NAME)";
				TEST_TARGET_NAME = PopMenu;
			};
			name = Debug;
		};
		440E40421D373AA40073AA8F /* Release */ = {
			isa = XCBuildConfiguration;
			buildSettings = {
				INFOPLIST_FILE = PopMenuUITests/Info.plist;
				LD_RUNPATH_SEARCH_PATHS = "$(inherited) @executable_path/Frameworks @loader_path/Frameworks";
				PRODUCT_BUNDLE_IDENTIFIER = sh.PopMenuUITests;
				PRODUCT_NAME = "$(TARGET_NAME)";
				TEST_TARGET_NAME = PopMenu;
			};
			name = Release;
		};
/* End XCBuildConfiguration section */

/* Begin XCConfigurationList section */
		440E40081D373AA40073AA8F /* Build configuration list for PBXProject "PopMenu" */ = {
			isa = XCConfigurationList;
			buildConfigurations = (
				440E40381D373AA40073AA8F /* Debug */,
				440E40391D373AA40073AA8F /* Release */,
			);
			defaultConfigurationIsVisible = 0;
			defaultConfigurationName = Release;
		};
		440E403A1D373AA40073AA8F /* Build configuration list for PBXNativeTarget "PopMenu" */ = {
			isa = XCConfigurationList;
			buildConfigurations = (
				440E403B1D373AA40073AA8F /* Debug */,
				440E403C1D373AA40073AA8F /* Release */,
			);
			defaultConfigurationIsVisible = 0;
			defaultConfigurationName = Release;
		};
		440E403D1D373AA40073AA8F /* Build configuration list for PBXNativeTarget "PopMenuTests" */ = {
			isa = XCConfigurationList;
			buildConfigurations = (
				440E403E1D373AA40073AA8F /* Debug */,
				440E403F1D373AA40073AA8F /* Release */,
			);
			defaultConfigurationIsVisible = 0;
			defaultConfigurationName = Release;
		};
		440E40401D373AA40073AA8F /* Build configuration list for PBXNativeTarget "PopMenuUITests" */ = {
			isa = XCConfigurationList;
			buildConfigurations = (
				440E40411D373AA40073AA8F /* Debug */,
				440E40421D373AA40073AA8F /* Release */,
			);
			defaultConfigurationIsVisible = 0;
			defaultConfigurationName = Release;
		};
/* End XCConfigurationList section */
	};
	rootObject = 440E40051D373AA40073AA8F /* Project object */;
}
